// !$*UTF8*$!
{
	archiveVersion = 1;
	classes = {
	};
	objectVersion = 51;
	objects = {

/* Begin PBXBuildFile section */
		13C63E0044B6C932E37ADA41 /* Pods_RequestNow.framework in Frameworks */ = {isa = PBXBuildFile; fileRef = 273CC02110EF7FFB981E7AA5 /* Pods_RequestNow.framework */; };
		812A22CE23AA558B00F4D175 /* RequestViewModel.swift in Sources */ = {isa = PBXBuildFile; fileRef = 812A22C423AA558B00F4D175 /* RequestViewModel.swift */; };
		812A22CF23AA558B00F4D175 /* RequestService.swift in Sources */ = {isa = PBXBuildFile; fileRef = 812A22C623AA558B00F4D175 /* RequestService.swift */; };
		812A22D023AA558B00F4D175 /* RequestData.swift in Sources */ = {isa = PBXBuildFile; fileRef = 812A22C823AA558B00F4D175 /* RequestData.swift */; };
		812A22D123AA558B00F4D175 /* Request.swift in Sources */ = {isa = PBXBuildFile; fileRef = 812A22C923AA558B00F4D175 /* Request.swift */; };
		812A22D223AA558B00F4D175 /* Date+Extension.swift in Sources */ = {isa = PBXBuildFile; fileRef = 812A22CB23AA558B00F4D175 /* Date+Extension.swift */; };
		812A22D323AA558B00F4D175 /* String+Extensions.swift in Sources */ = {isa = PBXBuildFile; fileRef = 812A22CC23AA558B00F4D175 /* String+Extensions.swift */; };
		812A22D423AA558B00F4D175 /* UITextField+Publisher.swift in Sources */ = {isa = PBXBuildFile; fileRef = 812A22CD23AA558B00F4D175 /* UITextField+Publisher.swift */; };
		812A22D723AA55B800F4D175 /* RequestsView.swift in Sources */ = {isa = PBXBuildFile; fileRef = 812A22D623AA55B800F4D175 /* RequestsView.swift */; };
		812A22D923AA561600F4D175 /* MessagesView.swift in Sources */ = {isa = PBXBuildFile; fileRef = 812A22D823AA561600F4D175 /* MessagesView.swift */; };
		812A22DB23AA565200F4D175 /* SettingsView.swift in Sources */ = {isa = PBXBuildFile; fileRef = 812A22DA23AA565200F4D175 /* SettingsView.swift */; };
		812A22DD23AA56A100F4D175 /* Constants.swift in Sources */ = {isa = PBXBuildFile; fileRef = 812A22DC23AA56A100F4D175 /* Constants.swift */; };
		812A22DF23AA5A3B00F4D175 /* RequestRow.swift in Sources */ = {isa = PBXBuildFile; fileRef = 812A22DE23AA5A3B00F4D175 /* RequestRow.swift */; };
		812A22E123AA720800F4D175 /* LoginView.swift in Sources */ = {isa = PBXBuildFile; fileRef = 812A22E023AA720800F4D175 /* LoginView.swift */; };
		812A22E323AB262C00F4D175 /* ColorCodes.swift in Sources */ = {isa = PBXBuildFile; fileRef = 812A22E223AB262C00F4D175 /* ColorCodes.swift */; };
		812A22EA23AB2EED00F4D175 /* Oswald-Medium.ttf in Resources */ = {isa = PBXBuildFile; fileRef = 812A22E923AB2EED00F4D175 /* Oswald-Medium.ttf */; };
		812A22EC23AB2EF700F4D175 /* Oswald-Regular.ttf in Resources */ = {isa = PBXBuildFile; fileRef = 812A22EB23AB2EF700F4D175 /* Oswald-Regular.ttf */; };
		812A22EE23AB2F0200F4D175 /* Oswald-Light.ttf in Resources */ = {isa = PBXBuildFile; fileRef = 812A22ED23AB2F0200F4D175 /* Oswald-Light.ttf */; };
		812A22F323AB2F2100F4D175 /* Segoe UI.ttf in Resources */ = {isa = PBXBuildFile; fileRef = 812A22EF23AB2F2000F4D175 /* Segoe UI.ttf */; };
		812A22F423AB2F2100F4D175 /* Segoe UI Bold.ttf in Resources */ = {isa = PBXBuildFile; fileRef = 812A22F023AB2F2000F4D175 /* Segoe UI Bold.ttf */; };
		812A22F523AB2F2100F4D175 /* Segoe UI Bold Italic.ttf in Resources */ = {isa = PBXBuildFile; fileRef = 812A22F123AB2F2100F4D175 /* Segoe UI Bold Italic.ttf */; };
		812A22F623AB2F2100F4D175 /* Segoe UI Italic.ttf in Resources */ = {isa = PBXBuildFile; fileRef = 812A22F223AB2F2100F4D175 /* Segoe UI Italic.ttf */; };
		812A22F923AB59DA00F4D175 /* Message.swift in Sources */ = {isa = PBXBuildFile; fileRef = 812A22F823AB59DA00F4D175 /* Message.swift */; };
		812A22FB23ABC00100F4D175 /* UIViewController+Extension.swift in Sources */ = {isa = PBXBuildFile; fileRef = 812A22FA23ABC00100F4D175 /* UIViewController+Extension.swift */; };
		812A22FE23B02EC500F4D175 /* MessageRow.swift in Sources */ = {isa = PBXBuildFile; fileRef = 812A22FD23B02EC500F4D175 /* MessageRow.swift */; };
		812A230223B0499C00F4D175 /* ThankYouNoteView.swift in Sources */ = {isa = PBXBuildFile; fileRef = 812A230123B0499C00F4D175 /* ThankYouNoteView.swift */; };
		812A230423B05D6500F4D175 /* PullToRefresh.swift in Sources */ = {isa = PBXBuildFile; fileRef = 812A230323B05D6500F4D175 /* PullToRefresh.swift */; };
		812A230623B095B400F4D175 /* DispatchQueue+Extension.swift in Sources */ = {isa = PBXBuildFile; fileRef = 812A230523B095B400F4D175 /* DispatchQueue+Extension.swift */; };
		8141BEA723F8E5DB00C587DC /* Auth0.plist in Resources */ = {isa = PBXBuildFile; fileRef = 8141BEA623F8E5DB00C587DC /* Auth0.plist */; };
		8141BEA923F8EE9900C587DC /* StartView.swift in Sources */ = {isa = PBXBuildFile; fileRef = 8141BEA823F8EE9900C587DC /* StartView.swift */; };
		8141BEAB23F913CC00C587DC /* AuthAccess.swift in Sources */ = {isa = PBXBuildFile; fileRef = 8141BEAA23F913CC00C587DC /* AuthAccess.swift */; };
		8166D45423B814B8000D5F5D /* LoginModalView.swift in Sources */ = {isa = PBXBuildFile; fileRef = 8166D45323B814B8000D5F5D /* LoginModalView.swift */; };
		8192134523AA22E0002FF041 /* AppDelegate.swift in Sources */ = {isa = PBXBuildFile; fileRef = 8192134423AA22E0002FF041 /* AppDelegate.swift */; };
		8192134723AA22E0002FF041 /* SceneDelegate.swift in Sources */ = {isa = PBXBuildFile; fileRef = 8192134623AA22E0002FF041 /* SceneDelegate.swift */; };
		8192134923AA22E0002FF041 /* MainView.swift in Sources */ = {isa = PBXBuildFile; fileRef = 8192134823AA22E0002FF041 /* MainView.swift */; };
		8192134B23AA22E3002FF041 /* Assets.xcassets in Resources */ = {isa = PBXBuildFile; fileRef = 8192134A23AA22E3002FF041 /* Assets.xcassets */; };
		8192134E23AA22E3002FF041 /* Preview Assets.xcassets in Resources */ = {isa = PBXBuildFile; fileRef = 8192134D23AA22E3002FF041 /* Preview Assets.xcassets */; };
		8192135123AA22E3002FF041 /* LaunchScreen.storyboard in Resources */ = {isa = PBXBuildFile; fileRef = 8192134F23AA22E3002FF041 /* LaunchScreen.storyboard */; };
		81AC4A0023F9DBA60081EE18 /* User.swift in Sources */ = {isa = PBXBuildFile; fileRef = 81AC49FF23F9DBA60081EE18 /* User.swift */; };
		81AC4A0223FA14830081EE18 /* EventsView.swift in Sources */ = {isa = PBXBuildFile; fileRef = 81AC4A0123FA14830081EE18 /* EventsView.swift */; };
		81AC4A0423FA14DD0081EE18 /* EventsViewModel.swift in Sources */ = {isa = PBXBuildFile; fileRef = 81AC4A0323FA14DD0081EE18 /* EventsViewModel.swift */; };
		81AC4A0623FA15030081EE18 /* Event.swift in Sources */ = {isa = PBXBuildFile; fileRef = 81AC4A0523FA15030081EE18 /* Event.swift */; };
		81AC4A0823FA186C0081EE18 /* EventCellViewModel.swift in Sources */ = {isa = PBXBuildFile; fileRef = 81AC4A0723FA186C0081EE18 /* EventCellViewModel.swift */; };
		81AC4A0A23FA18FF0081EE18 /* EventService.swift in Sources */ = {isa = PBXBuildFile; fileRef = 81AC4A0923FA18FE0081EE18 /* EventService.swift */; };
		81AC4A0C23FA1D370081EE18 /* EventRow.swift in Sources */ = {isa = PBXBuildFile; fileRef = 81AC4A0B23FA1D370081EE18 /* EventRow.swift */; };
		81AF9B1123BA984A00C74ED0 /* OriginalMessage.swift in Sources */ = {isa = PBXBuildFile; fileRef = 81AF9B1023BA984A00C74ED0 /* OriginalMessage.swift */; };
		81AF9B1323BB068400C74ED0 /* MessageHistoryView.swift in Sources */ = {isa = PBXBuildFile; fileRef = 81AF9B1223BB068400C74ED0 /* MessageHistoryView.swift */; };
		81AF9B1523BB0C3100C74ED0 /* IndividualMessageRow.swift in Sources */ = {isa = PBXBuildFile; fileRef = 81AF9B1423BB0C3100C74ED0 /* IndividualMessageRow.swift */; };
		81AF9B1723BD970F00C74ED0 /* RequestCellViewModel.swift in Sources */ = {isa = PBXBuildFile; fileRef = 81AF9B1623BD970F00C74ED0 /* RequestCellViewModel.swift */; };
		81AF9B1923BD973C00C74ED0 /* MessageCellViewModel.swift in Sources */ = {isa = PBXBuildFile; fileRef = 81AF9B1823BD973C00C74ED0 /* MessageCellViewModel.swift */; };
		81AF9B1B23BD976000C74ED0 /* MessageHistoryCellViewModel.swift in Sources */ = {isa = PBXBuildFile; fileRef = 81AF9B1A23BD976000C74ED0 /* MessageHistoryCellViewModel.swift */; };
		81AF9B2E23BD9FC800C74ED0 /* LiveChatConfiguration.swift in Sources */ = {isa = PBXBuildFile; fileRef = 81AF9B1F23BD9FC700C74ED0 /* LiveChatConfiguration.swift */; };
		81AF9B3023BD9FC800C74ED0 /* WebViewBridge.swift in Sources */ = {isa = PBXBuildFile; fileRef = 81AF9B2123BD9FC700C74ED0 /* WebViewBridge.swift */; };
		81AF9B3123BD9FC800C74ED0 /* ChatView.swift in Sources */ = {isa = PBXBuildFile; fileRef = 81AF9B2223BD9FC700C74ED0 /* ChatView.swift */; };
		81AF9B3223BD9FC800C74ED0 /* LoadingView.swift in Sources */ = {isa = PBXBuildFile; fileRef = 81AF9B2323BD9FC700C74ED0 /* LoadingView.swift */; };
		81AF9B3323BD9FC800C74ED0 /* KeyboardNotification.swift in Sources */ = {isa = PBXBuildFile; fileRef = 81AF9B2423BD9FC700C74ED0 /* KeyboardNotification.swift */; };
		81AF9B3423BD9FC800C74ED0 /* LiveChat.swift in Sources */ = {isa = PBXBuildFile; fileRef = 81AF9B2523BD9FC700C74ED0 /* LiveChat.swift */; };
		81AF9B3523BD9FC800C74ED0 /* LiveChatState.swift in Sources */ = {isa = PBXBuildFile; fileRef = 81AF9B2623BD9FC700C74ED0 /* LiveChatState.swift */; };
		81AF9B3623BD9FC800C74ED0 /* URLBuilder.swift in Sources */ = {isa = PBXBuildFile; fileRef = 81AF9B2823BD9FC800C74ED0 /* URLBuilder.swift */; };
		81AF9B3723BD9FC800C74ED0 /* LiveChatOverlayViewController.swift in Sources */ = {isa = PBXBuildFile; fileRef = 81AF9B2923BD9FC800C74ED0 /* LiveChatOverlayViewController.swift */; };
		81AF9B3823BD9FC800C74ED0 /* JSONRequestCache.swift in Sources */ = {isa = PBXBuildFile; fileRef = 81AF9B2A23BD9FC800C74ED0 /* JSONRequestCache.swift */; };
		81AF9B3923BD9FC800C74ED0 /* LiveChatMessage.swift in Sources */ = {isa = PBXBuildFile; fileRef = 81AF9B2B23BD9FC800C74ED0 /* LiveChatMessage.swift */; };
		81AF9B3A23BD9FC800C74ED0 /* LiveChatWidget.js in Resources */ = {isa = PBXBuildFile; fileRef = 81AF9B2C23BD9FC800C74ED0 /* LiveChatWidget.js */; };
		81AF9B3B23BD9FC800C74ED0 /* UnreadMessagesCounter.swift in Sources */ = {isa = PBXBuildFile; fileRef = 81AF9B2D23BD9FC800C74ED0 /* UnreadMessagesCounter.swift */; };
		81AF9B3D23BDB0C100C74ED0 /* SortModal.swift in Sources */ = {isa = PBXBuildFile; fileRef = 81AF9B3C23BDB0C100C74ED0 /* SortModal.swift */; };
		81AF9B3F23C2D5B900C74ED0 /* OriginalRequest.swift in Sources */ = {isa = PBXBuildFile; fileRef = 81AF9B3E23C2D5B900C74ED0 /* OriginalRequest.swift */; };
		81AF9B4123C2D68400C74ED0 /* OriginalRequestViewModel.swift in Sources */ = {isa = PBXBuildFile; fileRef = 81AF9B4023C2D68400C74ED0 /* OriginalRequestViewModel.swift */; };
		81AF9B4323C66B0000C74ED0 /* SafariView.swift in Sources */ = {isa = PBXBuildFile; fileRef = 81AF9B4223C66B0000C74ED0 /* SafariView.swift */; };
/* End PBXBuildFile section */

/* Begin PBXFileReference section */
		24D98499663B379659AAFB09 /* Pods-RequestNow.release.xcconfig */ = {isa = PBXFileReference; includeInIndex = 1; lastKnownFileType = text.xcconfig; name = "Pods-RequestNow.release.xcconfig"; path = "Target Support Files/Pods-RequestNow/Pods-RequestNow.release.xcconfig"; sourceTree = "<group>"; };
		273CC02110EF7FFB981E7AA5 /* Pods_RequestNow.framework */ = {isa = PBXFileReference; explicitFileType = wrapper.framework; includeInIndex = 0; path = Pods_RequestNow.framework; sourceTree = BUILT_PRODUCTS_DIR; };
		812A22C423AA558B00F4D175 /* RequestViewModel.swift */ = {isa = PBXFileReference; fileEncoding = 4; lastKnownFileType = sourcecode.swift; path = RequestViewModel.swift; sourceTree = "<group>"; };
		812A22C623AA558B00F4D175 /* RequestService.swift */ = {isa = PBXFileReference; fileEncoding = 4; lastKnownFileType = sourcecode.swift; path = RequestService.swift; sourceTree = "<group>"; };
		812A22C823AA558B00F4D175 /* RequestData.swift */ = {isa = PBXFileReference; fileEncoding = 4; lastKnownFileType = sourcecode.swift; path = RequestData.swift; sourceTree = "<group>"; };
		812A22C923AA558B00F4D175 /* Request.swift */ = {isa = PBXFileReference; fileEncoding = 4; lastKnownFileType = sourcecode.swift; path = Request.swift; sourceTree = "<group>"; };
		812A22CB23AA558B00F4D175 /* Date+Extension.swift */ = {isa = PBXFileReference; fileEncoding = 4; lastKnownFileType = sourcecode.swift; path = "Date+Extension.swift"; sourceTree = "<group>"; };
		812A22CC23AA558B00F4D175 /* String+Extensions.swift */ = {isa = PBXFileReference; fileEncoding = 4; lastKnownFileType = sourcecode.swift; path = "String+Extensions.swift"; sourceTree = "<group>"; };
		812A22CD23AA558B00F4D175 /* UITextField+Publisher.swift */ = {isa = PBXFileReference; fileEncoding = 4; lastKnownFileType = sourcecode.swift; path = "UITextField+Publisher.swift"; sourceTree = "<group>"; };
		812A22D623AA55B800F4D175 /* RequestsView.swift */ = {isa = PBXFileReference; lastKnownFileType = sourcecode.swift; path = RequestsView.swift; sourceTree = "<group>"; };
		812A22D823AA561600F4D175 /* MessagesView.swift */ = {isa = PBXFileReference; lastKnownFileType = sourcecode.swift; path = MessagesView.swift; sourceTree = "<group>"; };
		812A22DA23AA565200F4D175 /* SettingsView.swift */ = {isa = PBXFileReference; lastKnownFileType = sourcecode.swift; path = SettingsView.swift; sourceTree = "<group>"; };
		812A22DC23AA56A100F4D175 /* Constants.swift */ = {isa = PBXFileReference; fileEncoding = 4; lastKnownFileType = sourcecode.swift; path = Constants.swift; sourceTree = "<group>"; };
		812A22DE23AA5A3B00F4D175 /* RequestRow.swift */ = {isa = PBXFileReference; lastKnownFileType = sourcecode.swift; path = RequestRow.swift; sourceTree = "<group>"; };
		812A22E023AA720800F4D175 /* LoginView.swift */ = {isa = PBXFileReference; lastKnownFileType = sourcecode.swift; path = LoginView.swift; sourceTree = "<group>"; };
		812A22E223AB262C00F4D175 /* ColorCodes.swift */ = {isa = PBXFileReference; lastKnownFileType = sourcecode.swift; path = ColorCodes.swift; sourceTree = "<group>"; };
		812A22E923AB2EED00F4D175 /* Oswald-Medium.ttf */ = {isa = PBXFileReference; lastKnownFileType = file; path = "Oswald-Medium.ttf"; sourceTree = "<group>"; };
		812A22EB23AB2EF700F4D175 /* Oswald-Regular.ttf */ = {isa = PBXFileReference; lastKnownFileType = file; path = "Oswald-Regular.ttf"; sourceTree = "<group>"; };
		812A22ED23AB2F0200F4D175 /* Oswald-Light.ttf */ = {isa = PBXFileReference; lastKnownFileType = file; path = "Oswald-Light.ttf"; sourceTree = "<group>"; };
		812A22EF23AB2F2000F4D175 /* Segoe UI.ttf */ = {isa = PBXFileReference; lastKnownFileType = file; path = "Segoe UI.ttf"; sourceTree = "<group>"; };
		812A22F023AB2F2000F4D175 /* Segoe UI Bold.ttf */ = {isa = PBXFileReference; lastKnownFileType = file; path = "Segoe UI Bold.ttf"; sourceTree = "<group>"; };
		812A22F123AB2F2100F4D175 /* Segoe UI Bold Italic.ttf */ = {isa = PBXFileReference; lastKnownFileType = file; path = "Segoe UI Bold Italic.ttf"; sourceTree = "<group>"; };
		812A22F223AB2F2100F4D175 /* Segoe UI Italic.ttf */ = {isa = PBXFileReference; lastKnownFileType = file; path = "Segoe UI Italic.ttf"; sourceTree = "<group>"; };
		812A22F723AB395600F4D175 /* RequestNow.entitlements */ = {isa = PBXFileReference; fileEncoding = 4; lastKnownFileType = text.plist.entitlements; path = RequestNow.entitlements; sourceTree = "<group>"; };
		812A22F823AB59DA00F4D175 /* Message.swift */ = {isa = PBXFileReference; lastKnownFileType = sourcecode.swift; path = Message.swift; sourceTree = "<group>"; };
		812A22FA23ABC00100F4D175 /* UIViewController+Extension.swift */ = {isa = PBXFileReference; lastKnownFileType = sourcecode.swift; path = "UIViewController+Extension.swift"; sourceTree = "<group>"; };
		812A22FD23B02EC500F4D175 /* MessageRow.swift */ = {isa = PBXFileReference; lastKnownFileType = sourcecode.swift; path = MessageRow.swift; sourceTree = "<group>"; };
		812A230123B0499C00F4D175 /* ThankYouNoteView.swift */ = {isa = PBXFileReference; fileEncoding = 4; lastKnownFileType = sourcecode.swift; path = ThankYouNoteView.swift; sourceTree = "<group>"; };
		812A230323B05D6500F4D175 /* PullToRefresh.swift */ = {isa = PBXFileReference; lastKnownFileType = sourcecode.swift; path = PullToRefresh.swift; sourceTree = "<group>"; };
		812A230523B095B400F4D175 /* DispatchQueue+Extension.swift */ = {isa = PBXFileReference; lastKnownFileType = sourcecode.swift; path = "DispatchQueue+Extension.swift"; sourceTree = "<group>"; };
		8141BEA623F8E5DB00C587DC /* Auth0.plist */ = {isa = PBXFileReference; lastKnownFileType = text.plist.xml; path = Auth0.plist; sourceTree = "<group>"; };
		8141BEA823F8EE9900C587DC /* StartView.swift */ = {isa = PBXFileReference; lastKnownFileType = sourcecode.swift; path = StartView.swift; sourceTree = "<group>"; };
		8141BEAA23F913CC00C587DC /* AuthAccess.swift */ = {isa = PBXFileReference; lastKnownFileType = sourcecode.swift; path = AuthAccess.swift; sourceTree = "<group>"; };
		8166D45323B814B8000D5F5D /* LoginModalView.swift */ = {isa = PBXFileReference; lastKnownFileType = sourcecode.swift; path = LoginModalView.swift; sourceTree = "<group>"; };
		8192134123AA22E0002FF041 /* RequestNow.app */ = {isa = PBXFileReference; explicitFileType = wrapper.application; includeInIndex = 0; path = RequestNow.app; sourceTree = BUILT_PRODUCTS_DIR; };
		8192134423AA22E0002FF041 /* AppDelegate.swift */ = {isa = PBXFileReference; lastKnownFileType = sourcecode.swift; path = AppDelegate.swift; sourceTree = "<group>"; };
		8192134623AA22E0002FF041 /* SceneDelegate.swift */ = {isa = PBXFileReference; lastKnownFileType = sourcecode.swift; path = SceneDelegate.swift; sourceTree = "<group>"; };
		8192134823AA22E0002FF041 /* MainView.swift */ = {isa = PBXFileReference; lastKnownFileType = sourcecode.swift; path = MainView.swift; sourceTree = "<group>"; };
		8192134A23AA22E3002FF041 /* Assets.xcassets */ = {isa = PBXFileReference; lastKnownFileType = folder.assetcatalog; path = Assets.xcassets; sourceTree = "<group>"; };
		8192134D23AA22E3002FF041 /* Preview Assets.xcassets */ = {isa = PBXFileReference; lastKnownFileType = folder.assetcatalog; path = "Preview Assets.xcassets"; sourceTree = "<group>"; };
		8192135023AA22E3002FF041 /* Base */ = {isa = PBXFileReference; lastKnownFileType = file.storyboard; name = Base; path = Base.lproj/LaunchScreen.storyboard; sourceTree = "<group>"; };
		8192135223AA22E3002FF041 /* Info.plist */ = {isa = PBXFileReference; lastKnownFileType = text.plist.xml; path = Info.plist; sourceTree = "<group>"; };
		81AC49FF23F9DBA60081EE18 /* User.swift */ = {isa = PBXFileReference; lastKnownFileType = sourcecode.swift; path = User.swift; sourceTree = "<group>"; };
		81AC4A0123FA14830081EE18 /* EventsView.swift */ = {isa = PBXFileReference; lastKnownFileType = sourcecode.swift; path = EventsView.swift; sourceTree = "<group>"; };
		81AC4A0323FA14DD0081EE18 /* EventsViewModel.swift */ = {isa = PBXFileReference; lastKnownFileType = sourcecode.swift; path = EventsViewModel.swift; sourceTree = "<group>"; };
		81AC4A0523FA15030081EE18 /* Event.swift */ = {isa = PBXFileReference; lastKnownFileType = sourcecode.swift; path = Event.swift; sourceTree = "<group>"; };
		81AC4A0723FA186C0081EE18 /* EventCellViewModel.swift */ = {isa = PBXFileReference; lastKnownFileType = sourcecode.swift; path = EventCellViewModel.swift; sourceTree = "<group>"; };
		81AC4A0923FA18FE0081EE18 /* EventService.swift */ = {isa = PBXFileReference; lastKnownFileType = sourcecode.swift; path = EventService.swift; sourceTree = "<group>"; };
		81AC4A0B23FA1D370081EE18 /* EventRow.swift */ = {isa = PBXFileReference; lastKnownFileType = sourcecode.swift; path = EventRow.swift; sourceTree = "<group>"; };
		81AF9B1023BA984A00C74ED0 /* OriginalMessage.swift */ = {isa = PBXFileReference; lastKnownFileType = sourcecode.swift; path = OriginalMessage.swift; sourceTree = "<group>"; };
		81AF9B1223BB068400C74ED0 /* MessageHistoryView.swift */ = {isa = PBXFileReference; lastKnownFileType = sourcecode.swift; path = MessageHistoryView.swift; sourceTree = "<group>"; };
		81AF9B1423BB0C3100C74ED0 /* IndividualMessageRow.swift */ = {isa = PBXFileReference; lastKnownFileType = sourcecode.swift; path = IndividualMessageRow.swift; sourceTree = "<group>"; };
		81AF9B1623BD970F00C74ED0 /* RequestCellViewModel.swift */ = {isa = PBXFileReference; lastKnownFileType = sourcecode.swift; path = RequestCellViewModel.swift; sourceTree = "<group>"; };
		81AF9B1823BD973C00C74ED0 /* MessageCellViewModel.swift */ = {isa = PBXFileReference; lastKnownFileType = sourcecode.swift; path = MessageCellViewModel.swift; sourceTree = "<group>"; };
		81AF9B1A23BD976000C74ED0 /* MessageHistoryCellViewModel.swift */ = {isa = PBXFileReference; lastKnownFileType = sourcecode.swift; path = MessageHistoryCellViewModel.swift; sourceTree = "<group>"; };
		81AF9B1F23BD9FC700C74ED0 /* LiveChatConfiguration.swift */ = {isa = PBXFileReference; fileEncoding = 4; lastKnownFileType = sourcecode.swift; path = LiveChatConfiguration.swift; sourceTree = "<group>"; };
		81AF9B2023BD9FC700C74ED0 /* Info.plist */ = {isa = PBXFileReference; fileEncoding = 4; lastKnownFileType = text.plist.xml; path = Info.plist; sourceTree = "<group>"; };
		81AF9B2123BD9FC700C74ED0 /* WebViewBridge.swift */ = {isa = PBXFileReference; fileEncoding = 4; lastKnownFileType = sourcecode.swift; path = WebViewBridge.swift; sourceTree = "<group>"; };
		81AF9B2223BD9FC700C74ED0 /* ChatView.swift */ = {isa = PBXFileReference; fileEncoding = 4; lastKnownFileType = sourcecode.swift; path = ChatView.swift; sourceTree = "<group>"; };
		81AF9B2323BD9FC700C74ED0 /* LoadingView.swift */ = {isa = PBXFileReference; fileEncoding = 4; lastKnownFileType = sourcecode.swift; path = LoadingView.swift; sourceTree = "<group>"; };
		81AF9B2423BD9FC700C74ED0 /* KeyboardNotification.swift */ = {isa = PBXFileReference; fileEncoding = 4; lastKnownFileType = sourcecode.swift; path = KeyboardNotification.swift; sourceTree = "<group>"; };
		81AF9B2523BD9FC700C74ED0 /* LiveChat.swift */ = {isa = PBXFileReference; fileEncoding = 4; lastKnownFileType = sourcecode.swift; path = LiveChat.swift; sourceTree = "<group>"; };
		81AF9B2623BD9FC700C74ED0 /* LiveChatState.swift */ = {isa = PBXFileReference; fileEncoding = 4; lastKnownFileType = sourcecode.swift; path = LiveChatState.swift; sourceTree = "<group>"; };
		81AF9B2723BD9FC700C74ED0 /* LiveChat.h */ = {isa = PBXFileReference; fileEncoding = 4; lastKnownFileType = sourcecode.c.h; path = LiveChat.h; sourceTree = "<group>"; };
		81AF9B2823BD9FC800C74ED0 /* URLBuilder.swift */ = {isa = PBXFileReference; fileEncoding = 4; lastKnownFileType = sourcecode.swift; path = URLBuilder.swift; sourceTree = "<group>"; };
		81AF9B2923BD9FC800C74ED0 /* LiveChatOverlayViewController.swift */ = {isa = PBXFileReference; fileEncoding = 4; lastKnownFileType = sourcecode.swift; path = LiveChatOverlayViewController.swift; sourceTree = "<group>"; };
		81AF9B2A23BD9FC800C74ED0 /* JSONRequestCache.swift */ = {isa = PBXFileReference; fileEncoding = 4; lastKnownFileType = sourcecode.swift; path = JSONRequestCache.swift; sourceTree = "<group>"; };
		81AF9B2B23BD9FC800C74ED0 /* LiveChatMessage.swift */ = {isa = PBXFileReference; fileEncoding = 4; lastKnownFileType = sourcecode.swift; path = LiveChatMessage.swift; sourceTree = "<group>"; };
		81AF9B2C23BD9FC800C74ED0 /* LiveChatWidget.js */ = {isa = PBXFileReference; fileEncoding = 4; lastKnownFileType = sourcecode.javascript; path = LiveChatWidget.js; sourceTree = "<group>"; };
		81AF9B2D23BD9FC800C74ED0 /* UnreadMessagesCounter.swift */ = {isa = PBXFileReference; fileEncoding = 4; lastKnownFileType = sourcecode.swift; path = UnreadMessagesCounter.swift; sourceTree = "<group>"; };
		81AF9B3C23BDB0C100C74ED0 /* SortModal.swift */ = {isa = PBXFileReference; lastKnownFileType = sourcecode.swift; path = SortModal.swift; sourceTree = "<group>"; };
		81AF9B3E23C2D5B900C74ED0 /* OriginalRequest.swift */ = {isa = PBXFileReference; lastKnownFileType = sourcecode.swift; path = OriginalRequest.swift; sourceTree = "<group>"; };
		81AF9B4023C2D68400C74ED0 /* OriginalRequestViewModel.swift */ = {isa = PBXFileReference; lastKnownFileType = sourcecode.swift; path = OriginalRequestViewModel.swift; sourceTree = "<group>"; };
		81AF9B4223C66B0000C74ED0 /* SafariView.swift */ = {isa = PBXFileReference; lastKnownFileType = sourcecode.swift; path = SafariView.swift; sourceTree = "<group>"; };
		BF913A8867173FEFF4056899 /* Pods-RequestNow.debug.xcconfig */ = {isa = PBXFileReference; includeInIndex = 1; lastKnownFileType = text.xcconfig; name = "Pods-RequestNow.debug.xcconfig"; path = "Target Support Files/Pods-RequestNow/Pods-RequestNow.debug.xcconfig"; sourceTree = "<group>"; };
/* End PBXFileReference section */

/* Begin PBXFrameworksBuildPhase section */
		8192133E23AA22E0002FF041 /* Frameworks */ = {
			isa = PBXFrameworksBuildPhase;
			buildActionMask = 2147483647;
			files = (
				13C63E0044B6C932E37ADA41 /* Pods_RequestNow.framework in Frameworks */,
			);
			runOnlyForDeploymentPostprocessing = 0;
		};
/* End PBXFrameworksBuildPhase section */

/* Begin PBXGroup section */
		812A22C323AA558B00F4D175 /* ViewModels */ = {
			isa = PBXGroup;
			children = (
				812A22C423AA558B00F4D175 /* RequestViewModel.swift */,
				81AF9B1623BD970F00C74ED0 /* RequestCellViewModel.swift */,
				81AF9B1823BD973C00C74ED0 /* MessageCellViewModel.swift */,
				81AF9B1A23BD976000C74ED0 /* MessageHistoryCellViewModel.swift */,
				81AF9B4023C2D68400C74ED0 /* OriginalRequestViewModel.swift */,
				8141BEAA23F913CC00C587DC /* AuthAccess.swift */,
				81AC4A0323FA14DD0081EE18 /* EventsViewModel.swift */,
				81AC4A0723FA186C0081EE18 /* EventCellViewModel.swift */,
			);
			path = ViewModels;
			sourceTree = "<group>";
		};
		812A22C523AA558B00F4D175 /* API */ = {
			isa = PBXGroup;
			children = (
				812A22C623AA558B00F4D175 /* RequestService.swift */,
				81AC4A0923FA18FE0081EE18 /* EventService.swift */,
				812A22C723AA558B00F4D175 /* Models */,
			);
			path = API;
			sourceTree = "<group>";
		};
		812A22C723AA558B00F4D175 /* Models */ = {
			isa = PBXGroup;
			children = (
				812A22C823AA558B00F4D175 /* RequestData.swift */,
				812A22C923AA558B00F4D175 /* Request.swift */,
				812A22F823AB59DA00F4D175 /* Message.swift */,
				81AF9B1023BA984A00C74ED0 /* OriginalMessage.swift */,
				81AF9B3E23C2D5B900C74ED0 /* OriginalRequest.swift */,
				81AC49FF23F9DBA60081EE18 /* User.swift */,
				81AC4A0523FA15030081EE18 /* Event.swift */,
			);
			path = Models;
			sourceTree = "<group>";
		};
		812A22CA23AA558B00F4D175 /* Extensions */ = {
			isa = PBXGroup;
			children = (
				812A22CB23AA558B00F4D175 /* Date+Extension.swift */,
				812A22CC23AA558B00F4D175 /* String+Extensions.swift */,
				812A22CD23AA558B00F4D175 /* UITextField+Publisher.swift */,
				812A22FA23ABC00100F4D175 /* UIViewController+Extension.swift */,
				812A230523B095B400F4D175 /* DispatchQueue+Extension.swift */,
			);
			path = Extensions;
			sourceTree = "<group>";
		};
		812A22D523AA559B00F4D175 /* TabbedViews */ = {
			isa = PBXGroup;
			children = (
				812A22D623AA55B800F4D175 /* RequestsView.swift */,
				812A22D823AA561600F4D175 /* MessagesView.swift */,
				812A22DA23AA565200F4D175 /* SettingsView.swift */,
				812A22DE23AA5A3B00F4D175 /* RequestRow.swift */,
				812A22FD23B02EC500F4D175 /* MessageRow.swift */,
				812A230123B0499C00F4D175 /* ThankYouNoteView.swift */,
				81AF9B1223BB068400C74ED0 /* MessageHistoryView.swift */,
				81AF9B1423BB0C3100C74ED0 /* IndividualMessageRow.swift */,
				81AF9B3C23BDB0C100C74ED0 /* SortModal.swift */,
				81AC4A0123FA14830081EE18 /* EventsView.swift */,
				81AC4A0B23FA1D370081EE18 /* EventRow.swift */,
			);
			path = TabbedViews;
			sourceTree = "<group>";
		};
		812A22E423AB2D6900F4D175 /* Fonts */ = {
			isa = PBXGroup;
			children = (
				812A22EB23AB2EF700F4D175 /* Oswald-Regular.ttf */,
				812A22ED23AB2F0200F4D175 /* Oswald-Light.ttf */,
				812A22F123AB2F2100F4D175 /* Segoe UI Bold Italic.ttf */,
				812A22F023AB2F2000F4D175 /* Segoe UI Bold.ttf */,
				812A22F223AB2F2100F4D175 /* Segoe UI Italic.ttf */,
				812A22EF23AB2F2000F4D175 /* Segoe UI.ttf */,
				812A22E923AB2EED00F4D175 /* Oswald-Medium.ttf */,
			);
			path = Fonts;
			sourceTree = "<group>";
		};
		8192133823AA22E0002FF041 = {
			isa = PBXGroup;
			children = (
				8192134323AA22E0002FF041 /* RequestNow */,
				8192134223AA22E0002FF041 /* Products */,
				CAE0D88A83C0031D803AFCEA /* Pods */,
				B39F646572F1EA42C463E20D /* Frameworks */,
			);
			sourceTree = "<group>";
		};
		8192134223AA22E0002FF041 /* Products */ = {
			isa = PBXGroup;
			children = (
				8192134123AA22E0002FF041 /* RequestNow.app */,
			);
			name = Products;
			sourceTree = "<group>";
		};
		8192134323AA22E0002FF041 /* RequestNow */ = {
			isa = PBXGroup;
			children = (
				81AF9B1E23BD9FA600C74ED0 /* LiveChat */,
				812A22F723AB395600F4D175 /* RequestNow.entitlements */,
				812A22E423AB2D6900F4D175 /* Fonts */,
				812A22DC23AA56A100F4D175 /* Constants.swift */,
				812A22E223AB262C00F4D175 /* ColorCodes.swift */,
				812A22C523AA558B00F4D175 /* API */,
				812A22CA23AA558B00F4D175 /* Extensions */,
				812A22C323AA558B00F4D175 /* ViewModels */,
				81AF9B4423C66B0F00C74ED0 /* Views */,
				812A22D523AA559B00F4D175 /* TabbedViews */,
				8192134423AA22E0002FF041 /* AppDelegate.swift */,
				8192134623AA22E0002FF041 /* SceneDelegate.swift */,
				8192134A23AA22E3002FF041 /* Assets.xcassets */,
				8192134F23AA22E3002FF041 /* LaunchScreen.storyboard */,
				8192135223AA22E3002FF041 /* Info.plist */,
				8192134C23AA22E3002FF041 /* Preview Content */,
				8141BEA623F8E5DB00C587DC /* Auth0.plist */,
			);
			path = RequestNow;
			sourceTree = "<group>";
		};
		8192134C23AA22E3002FF041 /* Preview Content */ = {
			isa = PBXGroup;
			children = (
				8192134D23AA22E3002FF041 /* Preview Assets.xcassets */,
			);
			path = "Preview Content";
			sourceTree = "<group>";
		};
		81AF9B1E23BD9FA600C74ED0 /* LiveChat */ = {
			isa = PBXGroup;
			children = (
				81AF9B2223BD9FC700C74ED0 /* ChatView.swift */,
				81AF9B2023BD9FC700C74ED0 /* Info.plist */,
				81AF9B2A23BD9FC800C74ED0 /* JSONRequestCache.swift */,
				81AF9B2423BD9FC700C74ED0 /* KeyboardNotification.swift */,
				81AF9B2723BD9FC700C74ED0 /* LiveChat.h */,
				81AF9B2523BD9FC700C74ED0 /* LiveChat.swift */,
				81AF9B1F23BD9FC700C74ED0 /* LiveChatConfiguration.swift */,
				81AF9B2B23BD9FC800C74ED0 /* LiveChatMessage.swift */,
				81AF9B2923BD9FC800C74ED0 /* LiveChatOverlayViewController.swift */,
				81AF9B2623BD9FC700C74ED0 /* LiveChatState.swift */,
				81AF9B2C23BD9FC800C74ED0 /* LiveChatWidget.js */,
				81AF9B2323BD9FC700C74ED0 /* LoadingView.swift */,
				81AF9B2D23BD9FC800C74ED0 /* UnreadMessagesCounter.swift */,
				81AF9B2823BD9FC800C74ED0 /* URLBuilder.swift */,
				81AF9B2123BD9FC700C74ED0 /* WebViewBridge.swift */,
			);
			path = LiveChat;
			sourceTree = "<group>";
		};
		81AF9B4423C66B0F00C74ED0 /* Views */ = {
			isa = PBXGroup;
			children = (
				8166D45323B814B8000D5F5D /* LoginModalView.swift */,
				812A22E023AA720800F4D175 /* LoginView.swift */,
				8192134823AA22E0002FF041 /* MainView.swift */,
				81AF9B4223C66B0000C74ED0 /* SafariView.swift */,
				812A230323B05D6500F4D175 /* PullToRefresh.swift */,
				8141BEA823F8EE9900C587DC /* StartView.swift */,
			);
			path = Views;
			sourceTree = "<group>";
		};
		B39F646572F1EA42C463E20D /* Frameworks */ = {
			isa = PBXGroup;
			children = (
				273CC02110EF7FFB981E7AA5 /* Pods_RequestNow.framework */,
			);
			name = Frameworks;
			sourceTree = "<group>";
		};
		CAE0D88A83C0031D803AFCEA /* Pods */ = {
			isa = PBXGroup;
			children = (
				BF913A8867173FEFF4056899 /* Pods-RequestNow.debug.xcconfig */,
				24D98499663B379659AAFB09 /* Pods-RequestNow.release.xcconfig */,
			);
			path = Pods;
			sourceTree = "<group>";
		};
/* End PBXGroup section */

/* Begin PBXNativeTarget section */
		8192134023AA22E0002FF041 /* RequestNow */ = {
			isa = PBXNativeTarget;
			buildConfigurationList = 8192135523AA22E3002FF041 /* Build configuration list for PBXNativeTarget "RequestNow" */;
			buildPhases = (
				0E1DCEB8FECF5089EE650D02 /* [CP] Check Pods Manifest.lock */,
				8192133D23AA22E0002FF041 /* Sources */,
				8192133E23AA22E0002FF041 /* Frameworks */,
				8192133F23AA22E0002FF041 /* Resources */,
				346EB410851EF7E13EAA4E96 /* [CP] Embed Pods Frameworks */,
			);
			buildRules = (
			);
			dependencies = (
			);
			name = RequestNow;
			productName = RequestNow;
			productReference = 8192134123AA22E0002FF041 /* RequestNow.app */;
			productType = "com.apple.product-type.application";
		};
/* End PBXNativeTarget section */

/* Begin PBXProject section */
		8192133923AA22E0002FF041 /* Project object */ = {
			isa = PBXProject;
			attributes = {
				LastSwiftUpdateCheck = 1130;
				LastUpgradeCheck = 1130;
				ORGANIZATIONNAME = "Confir Inc";
				TargetAttributes = {
					8192134023AA22E0002FF041 = {
						CreatedOnToolsVersion = 11.3;
					};
				};
			};
			buildConfigurationList = 8192133C23AA22E0002FF041 /* Build configuration list for PBXProject "RequestNow" */;
			compatibilityVersion = "Xcode 9.3";
			developmentRegion = en;
			hasScannedForEncodings = 0;
			knownRegions = (
				en,
				Base,
			);
			mainGroup = 8192133823AA22E0002FF041;
			productRefGroup = 8192134223AA22E0002FF041 /* Products */;
			projectDirPath = "";
			projectRoot = "";
			targets = (
				8192134023AA22E0002FF041 /* RequestNow */,
			);
		};
/* End PBXProject section */

/* Begin PBXResourcesBuildPhase section */
		8192133F23AA22E0002FF041 /* Resources */ = {
			isa = PBXResourcesBuildPhase;
			buildActionMask = 2147483647;
			files = (
				812A22EC23AB2EF700F4D175 /* Oswald-Regular.ttf in Resources */,
				812A22F523AB2F2100F4D175 /* Segoe UI Bold Italic.ttf in Resources */,
				8192135123AA22E3002FF041 /* LaunchScreen.storyboard in Resources */,
				812A22F323AB2F2100F4D175 /* Segoe UI.ttf in Resources */,
				812A22EA23AB2EED00F4D175 /* Oswald-Medium.ttf in Resources */,
				812A22EE23AB2F0200F4D175 /* Oswald-Light.ttf in Resources */,
				812A22F623AB2F2100F4D175 /* Segoe UI Italic.ttf in Resources */,
				8141BEA723F8E5DB00C587DC /* Auth0.plist in Resources */,
				8192134E23AA22E3002FF041 /* Preview Assets.xcassets in Resources */,
				81AF9B3A23BD9FC800C74ED0 /* LiveChatWidget.js in Resources */,
				8192134B23AA22E3002FF041 /* Assets.xcassets in Resources */,
				812A22F423AB2F2100F4D175 /* Segoe UI Bold.ttf in Resources */,
			);
			runOnlyForDeploymentPostprocessing = 0;
		};
/* End PBXResourcesBuildPhase section */

/* Begin PBXShellScriptBuildPhase section */
		0E1DCEB8FECF5089EE650D02 /* [CP] Check Pods Manifest.lock */ = {
			isa = PBXShellScriptBuildPhase;
			buildActionMask = 2147483647;
			files = (
			);
			inputFileListPaths = (
			);
			inputPaths = (
				"${PODS_PODFILE_DIR_PATH}/Podfile.lock",
				"${PODS_ROOT}/Manifest.lock",
			);
			name = "[CP] Check Pods Manifest.lock";
			outputFileListPaths = (
			);
			outputPaths = (
				"$(DERIVED_FILE_DIR)/Pods-RequestNow-checkManifestLockResult.txt",
			);
			runOnlyForDeploymentPostprocessing = 0;
			shellPath = /bin/sh;
			shellScript = "diff \"${PODS_PODFILE_DIR_PATH}/Podfile.lock\" \"${PODS_ROOT}/Manifest.lock\" > /dev/null\nif [ $? != 0 ] ; then\n    # print error to STDERR\n    echo \"error: The sandbox is not in sync with the Podfile.lock. Run 'pod install' or update your CocoaPods installation.\" >&2\n    exit 1\nfi\n# This output is used by Xcode 'outputs' to avoid re-running this script phase.\necho \"SUCCESS\" > \"${SCRIPT_OUTPUT_FILE_0}\"\n";
			showEnvVarsInLog = 0;
		};
		346EB410851EF7E13EAA4E96 /* [CP] Embed Pods Frameworks */ = {
			isa = PBXShellScriptBuildPhase;
			buildActionMask = 2147483647;
			files = (
			);
			inputFileListPaths = (
				"${PODS_ROOT}/Target Support Files/Pods-RequestNow/Pods-RequestNow-frameworks-${CONFIGURATION}-input-files.xcfilelist",
			);
			name = "[CP] Embed Pods Frameworks";
			outputFileListPaths = (
				"${PODS_ROOT}/Target Support Files/Pods-RequestNow/Pods-RequestNow-frameworks-${CONFIGURATION}-output-files.xcfilelist",
			);
			runOnlyForDeploymentPostprocessing = 0;
			shellPath = /bin/sh;
			shellScript = "\"${PODS_ROOT}/Target Support Files/Pods-RequestNow/Pods-RequestNow-frameworks.sh\"\n";
			showEnvVarsInLog = 0;
		};
/* End PBXShellScriptBuildPhase section */

/* Begin PBXSourcesBuildPhase section */
		8192133D23AA22E0002FF041 /* Sources */ = {
			isa = PBXSourcesBuildPhase;
			buildActionMask = 2147483647;
			files = (
				812A22D723AA55B800F4D175 /* RequestsView.swift in Sources */,
				81AC4A0823FA186C0081EE18 /* EventCellViewModel.swift in Sources */,
				812A22DF23AA5A3B00F4D175 /* RequestRow.swift in Sources */,
				8192134523AA22E0002FF041 /* AppDelegate.swift in Sources */,
				812A230223B0499C00F4D175 /* ThankYouNoteView.swift in Sources */,
				812A22F923AB59DA00F4D175 /* Message.swift in Sources */,
				81AC4A0A23FA18FF0081EE18 /* EventService.swift in Sources */,
				812A230623B095B400F4D175 /* DispatchQueue+Extension.swift in Sources */,
				81AF9B3023BD9FC800C74ED0 /* WebViewBridge.swift in Sources */,
				81AF9B1923BD973C00C74ED0 /* MessageCellViewModel.swift in Sources */,
				812A22FE23B02EC500F4D175 /* MessageRow.swift in Sources */,
				81AF9B3323BD9FC800C74ED0 /* KeyboardNotification.swift in Sources */,
				8192134723AA22E0002FF041 /* SceneDelegate.swift in Sources */,
				81AF9B4123C2D68400C74ED0 /* OriginalRequestViewModel.swift in Sources */,
				81AC4A0623FA15030081EE18 /* Event.swift in Sources */,
				812A22CE23AA558B00F4D175 /* RequestViewModel.swift in Sources */,
				812A22D023AA558B00F4D175 /* RequestData.swift in Sources */,
				81AF9B3123BD9FC800C74ED0 /* ChatView.swift in Sources */,
				81AF9B1723BD970F00C74ED0 /* RequestCellViewModel.swift in Sources */,
				8141BEA923F8EE9900C587DC /* StartView.swift in Sources */,
				812A22D323AA558B00F4D175 /* String+Extensions.swift in Sources */,
				81AF9B1123BA984A00C74ED0 /* OriginalMessage.swift in Sources */,
				81AF9B3623BD9FC800C74ED0 /* URLBuilder.swift in Sources */,
				812A22FB23ABC00100F4D175 /* UIViewController+Extension.swift in Sources */,
				81AF9B1523BB0C3100C74ED0 /* IndividualMessageRow.swift in Sources */,
				81AF9B3523BD9FC800C74ED0 /* LiveChatState.swift in Sources */,
				81AF9B1323BB068400C74ED0 /* MessageHistoryView.swift in Sources */,
				812A22D123AA558B00F4D175 /* Request.swift in Sources */,
				81AF9B3823BD9FC800C74ED0 /* JSONRequestCache.swift in Sources */,
				81AF9B3723BD9FC800C74ED0 /* LiveChatOverlayViewController.swift in Sources */,
				81AC4A0423FA14DD0081EE18 /* EventsViewModel.swift in Sources */,
				812A22D223AA558B00F4D175 /* Date+Extension.swift in Sources */,
				81AC4A0C23FA1D370081EE18 /* EventRow.swift in Sources */,
				812A22D923AA561600F4D175 /* MessagesView.swift in Sources */,
				812A22CF23AA558B00F4D175 /* RequestService.swift in Sources */,
				8166D45423B814B8000D5F5D /* LoginModalView.swift in Sources */,
				81AF9B3923BD9FC800C74ED0 /* LiveChatMessage.swift in Sources */,
				812A22D423AA558B00F4D175 /* UITextField+Publisher.swift in Sources */,
				81AF9B3B23BD9FC800C74ED0 /* UnreadMessagesCounter.swift in Sources */,
				81AF9B1B23BD976000C74ED0 /* MessageHistoryCellViewModel.swift in Sources */,
				812A22DD23AA56A100F4D175 /* Constants.swift in Sources */,
				812A230423B05D6500F4D175 /* PullToRefresh.swift in Sources */,
				8192134923AA22E0002FF041 /* MainView.swift in Sources */,
				812A22E123AA720800F4D175 /* LoginView.swift in Sources */,
				812A22DB23AA565200F4D175 /* SettingsView.swift in Sources */,
				81AF9B3D23BDB0C100C74ED0 /* SortModal.swift in Sources */,
				81AC4A0223FA14830081EE18 /* EventsView.swift in Sources */,
				81AC4A0023F9DBA60081EE18 /* User.swift in Sources */,
				81AF9B4323C66B0000C74ED0 /* SafariView.swift in Sources */,
				81AF9B3423BD9FC800C74ED0 /* LiveChat.swift in Sources */,
				81AF9B3F23C2D5B900C74ED0 /* OriginalRequest.swift in Sources */,
				81AF9B2E23BD9FC800C74ED0 /* LiveChatConfiguration.swift in Sources */,
				81AF9B3223BD9FC800C74ED0 /* LoadingView.swift in Sources */,
				812A22E323AB262C00F4D175 /* ColorCodes.swift in Sources */,
				8141BEAB23F913CC00C587DC /* AuthAccess.swift in Sources */,
			);
			runOnlyForDeploymentPostprocessing = 0;
		};
/* End PBXSourcesBuildPhase section */

/* Begin PBXVariantGroup section */
		8192134F23AA22E3002FF041 /* LaunchScreen.storyboard */ = {
			isa = PBXVariantGroup;
			children = (
				8192135023AA22E3002FF041 /* Base */,
			);
			name = LaunchScreen.storyboard;
			sourceTree = "<group>";
		};
/* End PBXVariantGroup section */

/* Begin XCBuildConfiguration section */
		8192135323AA22E3002FF041 /* Debug */ = {
			isa = XCBuildConfiguration;
			buildSettings = {
				ALWAYS_SEARCH_USER_PATHS = NO;
				CLANG_ANALYZER_NONNULL = YES;
				CLANG_ANALYZER_NUMBER_OBJECT_CONVERSION = YES_AGGRESSIVE;
				CLANG_CXX_LANGUAGE_STANDARD = "gnu++14";
				CLANG_CXX_LIBRARY = "libc++";
				CLANG_ENABLE_MODULES = YES;
				CLANG_ENABLE_OBJC_ARC = YES;
				CLANG_ENABLE_OBJC_WEAK = YES;
				CLANG_WARN_BLOCK_CAPTURE_AUTORELEASING = YES;
				CLANG_WARN_BOOL_CONVERSION = YES;
				CLANG_WARN_COMMA = YES;
				CLANG_WARN_CONSTANT_CONVERSION = YES;
				CLANG_WARN_DEPRECATED_OBJC_IMPLEMENTATIONS = YES;
				CLANG_WARN_DIRECT_OBJC_ISA_USAGE = YES_ERROR;
				CLANG_WARN_DOCUMENTATION_COMMENTS = YES;
				CLANG_WARN_EMPTY_BODY = YES;
				CLANG_WARN_ENUM_CONVERSION = YES;
				CLANG_WARN_INFINITE_RECURSION = YES;
				CLANG_WARN_INT_CONVERSION = YES;
				CLANG_WARN_NON_LITERAL_NULL_CONVERSION = YES;
				CLANG_WARN_OBJC_IMPLICIT_RETAIN_SELF = YES;
				CLANG_WARN_OBJC_LITERAL_CONVERSION = YES;
				CLANG_WARN_OBJC_ROOT_CLASS = YES_ERROR;
				CLANG_WARN_RANGE_LOOP_ANALYSIS = YES;
				CLANG_WARN_STRICT_PROTOTYPES = YES;
				CLANG_WARN_SUSPICIOUS_MOVE = YES;
				CLANG_WARN_UNGUARDED_AVAILABILITY = YES_AGGRESSIVE;
				CLANG_WARN_UNREACHABLE_CODE = YES;
				CLANG_WARN__DUPLICATE_METHOD_MATCH = YES;
				COPY_PHASE_STRIP = NO;
				DEBUG_INFORMATION_FORMAT = dwarf;
				ENABLE_STRICT_OBJC_MSGSEND = YES;
				ENABLE_TESTABILITY = YES;
				GCC_C_LANGUAGE_STANDARD = gnu11;
				GCC_DYNAMIC_NO_PIC = NO;
				GCC_NO_COMMON_BLOCKS = YES;
				GCC_OPTIMIZATION_LEVEL = 0;
				GCC_PREPROCESSOR_DEFINITIONS = (
					"DEBUG=1",
					"$(inherited)",
				);
				GCC_WARN_64_TO_32_BIT_CONVERSION = YES;
				GCC_WARN_ABOUT_RETURN_TYPE = YES_ERROR;
				GCC_WARN_UNDECLARED_SELECTOR = YES;
				GCC_WARN_UNINITIALIZED_AUTOS = YES_AGGRESSIVE;
				GCC_WARN_UNUSED_FUNCTION = YES;
				GCC_WARN_UNUSED_VARIABLE = YES;
				IPHONEOS_DEPLOYMENT_TARGET = 13.2;
				MTL_ENABLE_DEBUG_INFO = INCLUDE_SOURCE;
				MTL_FAST_MATH = YES;
				ONLY_ACTIVE_ARCH = YES;
				SDKROOT = iphoneos;
				SWIFT_ACTIVE_COMPILATION_CONDITIONS = DEBUG;
				SWIFT_OPTIMIZATION_LEVEL = "-Onone";
			};
			name = Debug;
		};
		8192135423AA22E3002FF041 /* Release */ = {
			isa = XCBuildConfiguration;
			buildSettings = {
				ALWAYS_SEARCH_USER_PATHS = NO;
				CLANG_ANALYZER_NONNULL = YES;
				CLANG_ANALYZER_NUMBER_OBJECT_CONVERSION = YES_AGGRESSIVE;
				CLANG_CXX_LANGUAGE_STANDARD = "gnu++14";
				CLANG_CXX_LIBRARY = "libc++";
				CLANG_ENABLE_MODULES = YES;
				CLANG_ENABLE_OBJC_ARC = YES;
				CLANG_ENABLE_OBJC_WEAK = YES;
				CLANG_WARN_BLOCK_CAPTURE_AUTORELEASING = YES;
				CLANG_WARN_BOOL_CONVERSION = YES;
				CLANG_WARN_COMMA = YES;
				CLANG_WARN_CONSTANT_CONVERSION = YES;
				CLANG_WARN_DEPRECATED_OBJC_IMPLEMENTATIONS = YES;
				CLANG_WARN_DIRECT_OBJC_ISA_USAGE = YES_ERROR;
				CLANG_WARN_DOCUMENTATION_COMMENTS = YES;
				CLANG_WARN_EMPTY_BODY = YES;
				CLANG_WARN_ENUM_CONVERSION = YES;
				CLANG_WARN_INFINITE_RECURSION = YES;
				CLANG_WARN_INT_CONVERSION = YES;
				CLANG_WARN_NON_LITERAL_NULL_CONVERSION = YES;
				CLANG_WARN_OBJC_IMPLICIT_RETAIN_SELF = YES;
				CLANG_WARN_OBJC_LITERAL_CONVERSION = YES;
				CLANG_WARN_OBJC_ROOT_CLASS = YES_ERROR;
				CLANG_WARN_RANGE_LOOP_ANALYSIS = YES;
				CLANG_WARN_STRICT_PROTOTYPES = YES;
				CLANG_WARN_SUSPICIOUS_MOVE = YES;
				CLANG_WARN_UNGUARDED_AVAILABILITY = YES_AGGRESSIVE;
				CLANG_WARN_UNREACHABLE_CODE = YES;
				CLANG_WARN__DUPLICATE_METHOD_MATCH = YES;
				COPY_PHASE_STRIP = NO;
				DEBUG_INFORMATION_FORMAT = "dwarf-with-dsym";
				ENABLE_NS_ASSERTIONS = NO;
				ENABLE_STRICT_OBJC_MSGSEND = YES;
				GCC_C_LANGUAGE_STANDARD = gnu11;
				GCC_NO_COMMON_BLOCKS = YES;
				GCC_WARN_64_TO_32_BIT_CONVERSION = YES;
				GCC_WARN_ABOUT_RETURN_TYPE = YES_ERROR;
				GCC_WARN_UNDECLARED_SELECTOR = YES;
				GCC_WARN_UNINITIALIZED_AUTOS = YES_AGGRESSIVE;
				GCC_WARN_UNUSED_FUNCTION = YES;
				GCC_WARN_UNUSED_VARIABLE = YES;
				IPHONEOS_DEPLOYMENT_TARGET = 13.2;
				MTL_ENABLE_DEBUG_INFO = NO;
				MTL_FAST_MATH = YES;
				SDKROOT = iphoneos;
				SWIFT_COMPILATION_MODE = wholemodule;
				SWIFT_OPTIMIZATION_LEVEL = "-O";
				VALIDATE_PRODUCT = YES;
			};
			name = Release;
		};
		8192135623AA22E3002FF041 /* Debug */ = {
			isa = XCBuildConfiguration;
			baseConfigurationReference = BF913A8867173FEFF4056899 /* Pods-RequestNow.debug.xcconfig */;
			buildSettings = {
				ASSETCATALOG_COMPILER_APPICON_NAME = AppIcon;
				CODE_SIGN_ENTITLEMENTS = RequestNow/RequestNow.entitlements;
				CODE_SIGN_STYLE = Automatic;
				CURRENT_PROJECT_VERSION = 1.28;
				DEVELOPMENT_ASSET_PATHS = "\"RequestNow/Preview Content\"";
				DEVELOPMENT_TEAM = 9EVWV3K6BK;
				ENABLE_PREVIEWS = YES;
				INFOPLIST_FILE = RequestNow/Info.plist;
				IPHONEOS_DEPLOYMENT_TARGET = 13.2;
				LD_RUNPATH_SEARCH_PATHS = (
					"$(inherited)",
					"@executable_path/Frameworks",
				);
				PRODUCT_BUNDLE_IDENTIFIER = requestnow.io.RequestNow;
				PRODUCT_NAME = "$(TARGET_NAME)";
				SWIFT_VERSION = 5.0;
				TARGETED_DEVICE_FAMILY = 1;
			};
			name = Debug;
		};
		8192135723AA22E3002FF041 /* Release */ = {
			isa = XCBuildConfiguration;
			baseConfigurationReference = 24D98499663B379659AAFB09 /* Pods-RequestNow.release.xcconfig */;
			buildSettings = {
				ASSETCATALOG_COMPILER_APPICON_NAME = AppIcon;
				CODE_SIGN_ENTITLEMENTS = RequestNow/RequestNow.entitlements;
				CODE_SIGN_STYLE = Automatic;
				CURRENT_PROJECT_VERSION = 1.28;
				DEVELOPMENT_ASSET_PATHS = "\"RequestNow/Preview Content\"";
				DEVELOPMENT_TEAM = 9EVWV3K6BK;
				ENABLE_PREVIEWS = YES;
				INFOPLIST_FILE = RequestNow/Info.plist;
				IPHONEOS_DEPLOYMENT_TARGET = 13.2;
				LD_RUNPATH_SEARCH_PATHS = (
					"$(inherited)",
					"@executable_path/Frameworks",
				);
				PRODUCT_BUNDLE_IDENTIFIER = requestnow.io.RequestNow;
				PRODUCT_NAME = "$(TARGET_NAME)";
				SWIFT_VERSION = 5.0;
				TARGETED_DEVICE_FAMILY = 1;
			};
			name = Release;
		};
/* End XCBuildConfiguration section */

/* Begin XCConfigurationList section */
		8192133C23AA22E0002FF041 /* Build configuration list for PBXProject "RequestNow" */ = {
			isa = XCConfigurationList;
			buildConfigurations = (
				8192135323AA22E3002FF041 /* Debug */,
				8192135423AA22E3002FF041 /* Release */,
			);
			defaultConfigurationIsVisible = 0;
			defaultConfigurationName = Release;
		};
		8192135523AA22E3002FF041 /* Build configuration list for PBXNativeTarget "RequestNow" */ = {
			isa = XCConfigurationList;
			buildConfigurations = (
				8192135623AA22E3002FF041 /* Debug */,
				8192135723AA22E3002FF041 /* Release */,
			);
			defaultConfigurationIsVisible = 0;
			defaultConfigurationName = Release;
		};
/* End XCConfigurationList section */
	};
	rootObject = 8192133923AA22E0002FF041 /* Project object */;
}
