// !$*UTF8*$!
{
	archiveVersion = 1;
	classes = {
	};
	objectVersion = 50;
	objects = {

/* Begin PBXBuildFile section */
		812A22CE23AA558B00F4D175 /* RequestViewModel.swift in Sources */ = {isa = PBXBuildFile; fileRef = 812A22C423AA558B00F4D175 /* RequestViewModel.swift */; };
		812A22CF23AA558B00F4D175 /* RequestService.swift in Sources */ = {isa = PBXBuildFile; fileRef = 812A22C623AA558B00F4D175 /* RequestService.swift */; };
		812A22D023AA558B00F4D175 /* RequestData.swift in Sources */ = {isa = PBXBuildFile; fileRef = 812A22C823AA558B00F4D175 /* RequestData.swift */; };
		812A22D123AA558B00F4D175 /* Request.swift in Sources */ = {isa = PBXBuildFile; fileRef = 812A22C923AA558B00F4D175 /* Request.swift */; };
		812A22D223AA558B00F4D175 /* Date+Extension.swift in Sources */ = {isa = PBXBuildFile; fileRef = 812A22CB23AA558B00F4D175 /* Date+Extension.swift */; };
		812A22D323AA558B00F4D175 /* String+Extensions.swift in Sources */ = {isa = PBXBuildFile; fileRef = 812A22CC23AA558B00F4D175 /* String+Extensions.swift */; };
		812A22D423AA558B00F4D175 /* UITextField+Publisher.swift in Sources */ = {isa = PBXBuildFile; fileRef = 812A22CD23AA558B00F4D175 /* UITextField+Publisher.swift */; };
		812A22D723AA55B800F4D175 /* RequestsView.swift in Sources */ = {isa = PBXBuildFile; fileRef = 812A22D623AA55B800F4D175 /* RequestsView.swift */; };
		812A22D923AA561600F4D175 /* MessagesView.swift in Sources */ = {isa = PBXBuildFile; fileRef = 812A22D823AA561600F4D175 /* MessagesView.swift */; };
		812A22DB23AA565200F4D175 /* SettingsView.swift in Sources */ = {isa = PBXBuildFile; fileRef = 812A22DA23AA565200F4D175 /* SettingsView.swift */; };
		812A22DD23AA56A100F4D175 /* Constants.swift in Sources */ = {isa = PBXBuildFile; fileRef = 812A22DC23AA56A100F4D175 /* Constants.swift */; };
		812A22DF23AA5A3B00F4D175 /* RequestRow.swift in Sources */ = {isa = PBXBuildFile; fileRef = 812A22DE23AA5A3B00F4D175 /* RequestRow.swift */; };
		812A22E123AA720800F4D175 /* LoginView.swift in Sources */ = {isa = PBXBuildFile; fileRef = 812A22E023AA720800F4D175 /* LoginView.swift */; };
		812A22E323AB262C00F4D175 /* ColorCodes.swift in Sources */ = {isa = PBXBuildFile; fileRef = 812A22E223AB262C00F4D175 /* ColorCodes.swift */; };
		812A22EA23AB2EED00F4D175 /* Oswald-Medium.ttf in Resources */ = {isa = PBXBuildFile; fileRef = 812A22E923AB2EED00F4D175 /* Oswald-Medium.ttf */; };
		812A22EC23AB2EF700F4D175 /* Oswald-Regular.ttf in Resources */ = {isa = PBXBuildFile; fileRef = 812A22EB23AB2EF700F4D175 /* Oswald-Regular.ttf */; };
		812A22EE23AB2F0200F4D175 /* Oswald-Light.ttf in Resources */ = {isa = PBXBuildFile; fileRef = 812A22ED23AB2F0200F4D175 /* Oswald-Light.ttf */; };
		812A22F323AB2F2100F4D175 /* Segoe UI.ttf in Resources */ = {isa = PBXBuildFile; fileRef = 812A22EF23AB2F2000F4D175 /* Segoe UI.ttf */; };
		812A22F423AB2F2100F4D175 /* Segoe UI Bold.ttf in Resources */ = {isa = PBXBuildFile; fileRef = 812A22F023AB2F2000F4D175 /* Segoe UI Bold.ttf */; };
		812A22F523AB2F2100F4D175 /* Segoe UI Bold Italic.ttf in Resources */ = {isa = PBXBuildFile; fileRef = 812A22F123AB2F2100F4D175 /* Segoe UI Bold Italic.ttf */; };
		812A22F623AB2F2100F4D175 /* Segoe UI Italic.ttf in Resources */ = {isa = PBXBuildFile; fileRef = 812A22F223AB2F2100F4D175 /* Segoe UI Italic.ttf */; };
		812A22F923AB59DA00F4D175 /* Message.swift in Sources */ = {isa = PBXBuildFile; fileRef = 812A22F823AB59DA00F4D175 /* Message.swift */; };
		812A22FB23ABC00100F4D175 /* UIViewController+Extension.swift in Sources */ = {isa = PBXBuildFile; fileRef = 812A22FA23ABC00100F4D175 /* UIViewController+Extension.swift */; };
		812A22FE23B02EC500F4D175 /* MessageRow.swift in Sources */ = {isa = PBXBuildFile; fileRef = 812A22FD23B02EC500F4D175 /* MessageRow.swift */; };
		8192134523AA22E0002FF041 /* AppDelegate.swift in Sources */ = {isa = PBXBuildFile; fileRef = 8192134423AA22E0002FF041 /* AppDelegate.swift */; };
		8192134723AA22E0002FF041 /* SceneDelegate.swift in Sources */ = {isa = PBXBuildFile; fileRef = 8192134623AA22E0002FF041 /* SceneDelegate.swift */; };
		8192134923AA22E0002FF041 /* MainView.swift in Sources */ = {isa = PBXBuildFile; fileRef = 8192134823AA22E0002FF041 /* MainView.swift */; };
		8192134B23AA22E3002FF041 /* Assets.xcassets in Resources */ = {isa = PBXBuildFile; fileRef = 8192134A23AA22E3002FF041 /* Assets.xcassets */; };
		8192134E23AA22E3002FF041 /* Preview Assets.xcassets in Resources */ = {isa = PBXBuildFile; fileRef = 8192134D23AA22E3002FF041 /* Preview Assets.xcassets */; };
		8192135123AA22E3002FF041 /* LaunchScreen.storyboard in Resources */ = {isa = PBXBuildFile; fileRef = 8192134F23AA22E3002FF041 /* LaunchScreen.storyboard */; };
/* End PBXBuildFile section */

/* Begin PBXFileReference section */
		812A22C423AA558B00F4D175 /* RequestViewModel.swift */ = {isa = PBXFileReference; fileEncoding = 4; lastKnownFileType = sourcecode.swift; path = RequestViewModel.swift; sourceTree = "<group>"; };
		812A22C623AA558B00F4D175 /* RequestService.swift */ = {isa = PBXFileReference; fileEncoding = 4; lastKnownFileType = sourcecode.swift; path = RequestService.swift; sourceTree = "<group>"; };
		812A22C823AA558B00F4D175 /* RequestData.swift */ = {isa = PBXFileReference; fileEncoding = 4; lastKnownFileType = sourcecode.swift; path = RequestData.swift; sourceTree = "<group>"; };
		812A22C923AA558B00F4D175 /* Request.swift */ = {isa = PBXFileReference; fileEncoding = 4; lastKnownFileType = sourcecode.swift; path = Request.swift; sourceTree = "<group>"; };
		812A22CB23AA558B00F4D175 /* Date+Extension.swift */ = {isa = PBXFileReference; fileEncoding = 4; lastKnownFileType = sourcecode.swift; path = "Date+Extension.swift"; sourceTree = "<group>"; };
		812A22CC23AA558B00F4D175 /* String+Extensions.swift */ = {isa = PBXFileReference; fileEncoding = 4; lastKnownFileType = sourcecode.swift; path = "String+Extensions.swift"; sourceTree = "<group>"; };
		812A22CD23AA558B00F4D175 /* UITextField+Publisher.swift */ = {isa = PBXFileReference; fileEncoding = 4; lastKnownFileType = sourcecode.swift; path = "UITextField+Publisher.swift"; sourceTree = "<group>"; };
		812A22D623AA55B800F4D175 /* RequestsView.swift */ = {isa = PBXFileReference; lastKnownFileType = sourcecode.swift; path = RequestsView.swift; sourceTree = "<group>"; };
		812A22D823AA561600F4D175 /* MessagesView.swift */ = {isa = PBXFileReference; lastKnownFileType = sourcecode.swift; path = MessagesView.swift; sourceTree = "<group>"; };
		812A22DA23AA565200F4D175 /* SettingsView.swift */ = {isa = PBXFileReference; lastKnownFileType = sourcecode.swift; path = SettingsView.swift; sourceTree = "<group>"; };
		812A22DC23AA56A100F4D175 /* Constants.swift */ = {isa = PBXFileReference; fileEncoding = 4; lastKnownFileType = sourcecode.swift; path = Constants.swift; sourceTree = "<group>"; };
		812A22DE23AA5A3B00F4D175 /* RequestRow.swift */ = {isa = PBXFileReference; lastKnownFileType = sourcecode.swift; path = RequestRow.swift; sourceTree = "<group>"; };
		812A22E023AA720800F4D175 /* LoginView.swift */ = {isa = PBXFileReference; lastKnownFileType = sourcecode.swift; path = LoginView.swift; sourceTree = "<group>"; };
		812A22E223AB262C00F4D175 /* ColorCodes.swift */ = {isa = PBXFileReference; lastKnownFileType = sourcecode.swift; path = ColorCodes.swift; sourceTree = "<group>"; };
		812A22E923AB2EED00F4D175 /* Oswald-Medium.ttf */ = {isa = PBXFileReference; lastKnownFileType = file; path = "Oswald-Medium.ttf"; sourceTree = "<group>"; };
		812A22EB23AB2EF700F4D175 /* Oswald-Regular.ttf */ = {isa = PBXFileReference; lastKnownFileType = file; path = "Oswald-Regular.ttf"; sourceTree = "<group>"; };
		812A22ED23AB2F0200F4D175 /* Oswald-Light.ttf */ = {isa = PBXFileReference; lastKnownFileType = file; path = "Oswald-Light.ttf"; sourceTree = "<group>"; };
		812A22EF23AB2F2000F4D175 /* Segoe UI.ttf */ = {isa = PBXFileReference; lastKnownFileType = file; path = "Segoe UI.ttf"; sourceTree = "<group>"; };
		812A22F023AB2F2000F4D175 /* Segoe UI Bold.ttf */ = {isa = PBXFileReference; lastKnownFileType = file; path = "Segoe UI Bold.ttf"; sourceTree = "<group>"; };
		812A22F123AB2F2100F4D175 /* Segoe UI Bold Italic.ttf */ = {isa = PBXFileReference; lastKnownFileType = file; path = "Segoe UI Bold Italic.ttf"; sourceTree = "<group>"; };
		812A22F223AB2F2100F4D175 /* Segoe UI Italic.ttf */ = {isa = PBXFileReference; lastKnownFileType = file; path = "Segoe UI Italic.ttf"; sourceTree = "<group>"; };
		812A22F723AB395600F4D175 /* RequestNow.entitlements */ = {isa = PBXFileReference; fileEncoding = 4; lastKnownFileType = text.plist.entitlements; path = RequestNow.entitlements; sourceTree = "<group>"; };
		812A22F823AB59DA00F4D175 /* Message.swift */ = {isa = PBXFileReference; lastKnownFileType = sourcecode.swift; path = Message.swift; sourceTree = "<group>"; };
		812A22FA23ABC00100F4D175 /* UIViewController+Extension.swift */ = {isa = PBXFileReference; lastKnownFileType = sourcecode.swift; path = "UIViewController+Extension.swift"; sourceTree = "<group>"; };
		812A22FD23B02EC500F4D175 /* MessageRow.swift */ = {isa = PBXFileReference; lastKnownFileType = sourcecode.swift; path = MessageRow.swift; sourceTree = "<group>"; };
		8192134123AA22E0002FF041 /* RequestNow.app */ = {isa = PBXFileReference; explicitFileType = wrapper.application; includeInIndex = 0; path = RequestNow.app; sourceTree = BUILT_PRODUCTS_DIR; };
		8192134423AA22E0002FF041 /* AppDelegate.swift */ = {isa = PBXFileReference; lastKnownFileType = sourcecode.swift; path = AppDelegate.swift; sourceTree = "<group>"; };
		8192134623AA22E0002FF041 /* SceneDelegate.swift */ = {isa = PBXFileReference; lastKnownFileType = sourcecode.swift; path = SceneDelegate.swift; sourceTree = "<group>"; };
		8192134823AA22E0002FF041 /* MainView.swift */ = {isa = PBXFileReference; lastKnownFileType = sourcecode.swift; path = MainView.swift; sourceTree = "<group>"; };
		8192134A23AA22E3002FF041 /* Assets.xcassets */ = {isa = PBXFileReference; lastKnownFileType = folder.assetcatalog; path = Assets.xcassets; sourceTree = "<group>"; };
		8192134D23AA22E3002FF041 /* Preview Assets.xcassets */ = {isa = PBXFileReference; lastKnownFileType = folder.assetcatalog; path = "Preview Assets.xcassets"; sourceTree = "<group>"; };
		8192135023AA22E3002FF041 /* Base */ = {isa = PBXFileReference; lastKnownFileType = file.storyboard; name = Base; path = Base.lproj/LaunchScreen.storyboard; sourceTree = "<group>"; };
		8192135223AA22E3002FF041 /* Info.plist */ = {isa = PBXFileReference; lastKnownFileType = text.plist.xml; path = Info.plist; sourceTree = "<group>"; };
/* End PBXFileReference section */

/* Begin PBXFrameworksBuildPhase section */
		8192133E23AA22E0002FF041 /* Frameworks */ = {
			isa = PBXFrameworksBuildPhase;
			buildActionMask = 2147483647;
			files = (
			);
			runOnlyForDeploymentPostprocessing = 0;
		};
/* End PBXFrameworksBuildPhase section */

/* Begin PBXGroup section */
		812A22C323AA558B00F4D175 /* ViewModels */ = {
			isa = PBXGroup;
			children = (
				812A22C423AA558B00F4D175 /* RequestViewModel.swift */,
			);
			path = ViewModels;
			sourceTree = "<group>";
		};
		812A22C523AA558B00F4D175 /* API */ = {
			isa = PBXGroup;
			children = (
				812A22C623AA558B00F4D175 /* RequestService.swift */,
				812A22C723AA558B00F4D175 /* Models */,
			);
			path = API;
			sourceTree = "<group>";
		};
		812A22C723AA558B00F4D175 /* Models */ = {
			isa = PBXGroup;
			children = (
				812A22C823AA558B00F4D175 /* RequestData.swift */,
				812A22C923AA558B00F4D175 /* Request.swift */,
				812A22F823AB59DA00F4D175 /* Message.swift */,
			);
			path = Models;
			sourceTree = "<group>";
		};
		812A22CA23AA558B00F4D175 /* Extensions */ = {
			isa = PBXGroup;
			children = (
				812A22CB23AA558B00F4D175 /* Date+Extension.swift */,
				812A22CC23AA558B00F4D175 /* String+Extensions.swift */,
				812A22CD23AA558B00F4D175 /* UITextField+Publisher.swift */,
				812A22FA23ABC00100F4D175 /* UIViewController+Extension.swift */,
			);
			path = Extensions;
			sourceTree = "<group>";
		};
		812A22D523AA559B00F4D175 /* TabbedViews */ = {
			isa = PBXGroup;
			children = (
				812A22D623AA55B800F4D175 /* RequestsView.swift */,
				812A22D823AA561600F4D175 /* MessagesView.swift */,
				812A22DA23AA565200F4D175 /* SettingsView.swift */,
				812A22DE23AA5A3B00F4D175 /* RequestRow.swift */,
				812A22FD23B02EC500F4D175 /* MessageRow.swift */,
			);
			path = TabbedViews;
			sourceTree = "<group>";
		};
		812A22E423AB2D6900F4D175 /* Fonts */ = {
			isa = PBXGroup;
			children = (
				812A22EB23AB2EF700F4D175 /* Oswald-Regular.ttf */,
				812A22ED23AB2F0200F4D175 /* Oswald-Light.ttf */,
				812A22F123AB2F2100F4D175 /* Segoe UI Bold Italic.ttf */,
				812A22F023AB2F2000F4D175 /* Segoe UI Bold.ttf */,
				812A22F223AB2F2100F4D175 /* Segoe UI Italic.ttf */,
				812A22EF23AB2F2000F4D175 /* Segoe UI.ttf */,
				812A22E923AB2EED00F4D175 /* Oswald-Medium.ttf */,
			);
			path = Fonts;
			sourceTree = "<group>";
		};
		8192133823AA22E0002FF041 = {
			isa = PBXGroup;
			children = (
				8192134323AA22E0002FF041 /* RequestNow */,
				8192134223AA22E0002FF041 /* Products */,
			);
			sourceTree = "<group>";
		};
		8192134223AA22E0002FF041 /* Products */ = {
			isa = PBXGroup;
			children = (
				8192134123AA22E0002FF041 /* RequestNow.app */,
			);
			name = Products;
			sourceTree = "<group>";
		};
		8192134323AA22E0002FF041 /* RequestNow */ = {
			isa = PBXGroup;
			children = (
				812A22F723AB395600F4D175 /* RequestNow.entitlements */,
				812A22E423AB2D6900F4D175 /* Fonts */,
				812A22DC23AA56A100F4D175 /* Constants.swift */,
				812A22E223AB262C00F4D175 /* ColorCodes.swift */,
				812A22C523AA558B00F4D175 /* API */,
				812A22CA23AA558B00F4D175 /* Extensions */,
				812A22C323AA558B00F4D175 /* ViewModels */,
				812A22D523AA559B00F4D175 /* TabbedViews */,
				8192134423AA22E0002FF041 /* AppDelegate.swift */,
				8192134623AA22E0002FF041 /* SceneDelegate.swift */,
				812A22E023AA720800F4D175 /* LoginView.swift */,
				8192134823AA22E0002FF041 /* MainView.swift */,
				8192134A23AA22E3002FF041 /* Assets.xcassets */,
				8192134F23AA22E3002FF041 /* LaunchScreen.storyboard */,
				8192135223AA22E3002FF041 /* Info.plist */,
				8192134C23AA22E3002FF041 /* Preview Content */,
			);
			path = RequestNow;
			sourceTree = "<group>";
		};
		8192134C23AA22E3002FF041 /* Preview Content */ = {
			isa = PBXGroup;
			children = (
				8192134D23AA22E3002FF041 /* Preview Assets.xcassets */,
			);
			path = "Preview Content";
			sourceTree = "<group>";
		};
/* End PBXGroup section */

/* Begin PBXNativeTarget section */
		8192134023AA22E0002FF041 /* RequestNow */ = {
			isa = PBXNativeTarget;
			buildConfigurationList = 8192135523AA22E3002FF041 /* Build configuration list for PBXNativeTarget "RequestNow" */;
			buildPhases = (
				8192133D23AA22E0002FF041 /* Sources */,
				8192133E23AA22E0002FF041 /* Frameworks */,
				8192133F23AA22E0002FF041 /* Resources */,
			);
			buildRules = (
			);
			dependencies = (
			);
			name = RequestNow;
			productName = RequestNow;
			productReference = 8192134123AA22E0002FF041 /* RequestNow.app */;
			productType = "com.apple.product-type.application";
		};
/* End PBXNativeTarget section */

/* Begin PBXProject section */
		8192133923AA22E0002FF041 /* Project object */ = {
			isa = PBXProject;
			attributes = {
				LastSwiftUpdateCheck = 1130;
				LastUpgradeCheck = 1130;
				ORGANIZATIONNAME = "Confir Inc";
				TargetAttributes = {
					8192134023AA22E0002FF041 = {
						CreatedOnToolsVersion = 11.3;
					};
				};
			};
			buildConfigurationList = 8192133C23AA22E0002FF041 /* Build configuration list for PBXProject "RequestNow" */;
			compatibilityVersion = "Xcode 9.3";
			developmentRegion = en;
			hasScannedForEncodings = 0;
			knownRegions = (
				en,
				Base,
			);
			mainGroup = 8192133823AA22E0002FF041;
			productRefGroup = 8192134223AA22E0002FF041 /* Products */;
			projectDirPath = "";
			projectRoot = "";
			targets = (
				8192134023AA22E0002FF041 /* RequestNow */,
			);
		};
/* End PBXProject section */

/* Begin PBXResourcesBuildPhase section */
		8192133F23AA22E0002FF041 /* Resources */ = {
			isa = PBXResourcesBuildPhase;
			buildActionMask = 2147483647;
			files = (
				812A22EC23AB2EF700F4D175 /* Oswald-Regular.ttf in Resources */,
				812A22F523AB2F2100F4D175 /* Segoe UI Bold Italic.ttf in Resources */,
				8192135123AA22E3002FF041 /* LaunchScreen.storyboard in Resources */,
				812A22F323AB2F2100F4D175 /* Segoe UI.ttf in Resources */,
				812A22EA23AB2EED00F4D175 /* Oswald-Medium.ttf in Resources */,
				812A22EE23AB2F0200F4D175 /* Oswald-Light.ttf in Resources */,
				812A22F623AB2F2100F4D175 /* Segoe UI Italic.ttf in Resources */,
				8192134E23AA22E3002FF041 /* Preview Assets.xcassets in Resources */,
				8192134B23AA22E3002FF041 /* Assets.xcassets in Resources */,
				812A22F423AB2F2100F4D175 /* Segoe UI Bold.ttf in Resources */,
			);
			runOnlyForDeploymentPostprocessing = 0;
		};
/* End PBXResourcesBuildPhase section */

/* Begin PBXSourcesBuildPhase section */
		8192133D23AA22E0002FF041 /* Sources */ = {
			isa = PBXSourcesBuildPhase;
			buildActionMask = 2147483647;
			files = (
				812A22D723AA55B800F4D175 /* RequestsView.swift in Sources */,
				812A22DF23AA5A3B00F4D175 /* RequestRow.swift in Sources */,
				8192134523AA22E0002FF041 /* AppDelegate.swift in Sources */,
				812A22F923AB59DA00F4D175 /* Message.swift in Sources */,
				812A22FE23B02EC500F4D175 /* MessageRow.swift in Sources */,
				8192134723AA22E0002FF041 /* SceneDelegate.swift in Sources */,
				812A22CE23AA558B00F4D175 /* RequestViewModel.swift in Sources */,
				812A22D023AA558B00F4D175 /* RequestData.swift in Sources */,
				812A22D323AA558B00F4D175 /* String+Extensions.swift in Sources */,
				812A22FB23ABC00100F4D175 /* UIViewController+Extension.swift in Sources */,
				812A22D123AA558B00F4D175 /* Request.swift in Sources */,
				812A22D223AA558B00F4D175 /* Date+Extension.swift in Sources */,
				812A22D923AA561600F4D175 /* MessagesView.swift in Sources */,
				812A22CF23AA558B00F4D175 /* RequestService.swift in Sources */,
				812A22D423AA558B00F4D175 /* UITextField+Publisher.swift in Sources */,
				812A22DD23AA56A100F4D175 /* Constants.swift in Sources */,
				8192134923AA22E0002FF041 /* MainView.swift in Sources */,
				812A22E123AA720800F4D175 /* LoginView.swift in Sources */,
				812A22DB23AA565200F4D175 /* SettingsView.swift in Sources */,
				812A22E323AB262C00F4D175 /* ColorCodes.swift in Sources */,
			);
			runOnlyForDeploymentPostprocessing = 0;
		};
/* End PBXSourcesBuildPhase section */

/* Begin PBXVariantGroup section */
		8192134F23AA22E3002FF041 /* LaunchScreen.storyboard */ = {
			isa = PBXVariantGroup;
			children = (
				8192135023AA22E3002FF041 /* Base */,
			);
			name = LaunchScreen.storyboard;
			sourceTree = "<group>";
		};
/* End PBXVariantGroup section */

/* Begin XCBuildConfiguration section */
		8192135323AA22E3002FF041 /* Debug */ = {
			isa = XCBuildConfiguration;
			buildSettings = {
				ALWAYS_SEARCH_USER_PATHS = NO;
				CLANG_ANALYZER_NONNULL = YES;
				CLANG_ANALYZER_NUMBER_OBJECT_CONVERSION = YES_AGGRESSIVE;
				CLANG_CXX_LANGUAGE_STANDARD = "gnu++14";
				CLANG_CXX_LIBRARY = "libc++";
				CLANG_ENABLE_MODULES = YES;
				CLANG_ENABLE_OBJC_ARC = YES;
				CLANG_ENABLE_OBJC_WEAK = YES;
				CLANG_WARN_BLOCK_CAPTURE_AUTORELEASING = YES;
				CLANG_WARN_BOOL_CONVERSION = YES;
				CLANG_WARN_COMMA = YES;
				CLANG_WARN_CONSTANT_CONVERSION = YES;
				CLANG_WARN_DEPRECATED_OBJC_IMPLEMENTATIONS = YES;
				CLANG_WARN_DIRECT_OBJC_ISA_USAGE = YES_ERROR;
				CLANG_WARN_DOCUMENTATION_COMMENTS = YES;
				CLANG_WARN_EMPTY_BODY = YES;
				CLANG_WARN_ENUM_CONVERSION = YES;
				CLANG_WARN_INFINITE_RECURSION = YES;
				CLANG_WARN_INT_CONVERSION = YES;
				CLANG_WARN_NON_LITERAL_NULL_CONVERSION = YES;
				CLANG_WARN_OBJC_IMPLICIT_RETAIN_SELF = YES;
				CLANG_WARN_OBJC_LITERAL_CONVERSION = YES;
				CLANG_WARN_OBJC_ROOT_CLASS = YES_ERROR;
				CLANG_WARN_RANGE_LOOP_ANALYSIS = YES;
				CLANG_WARN_STRICT_PROTOTYPES = YES;
				CLANG_WARN_SUSPICIOUS_MOVE = YES;
				CLANG_WARN_UNGUARDED_AVAILABILITY = YES_AGGRESSIVE;
				CLANG_WARN_UNREACHABLE_CODE = YES;
				CLANG_WARN__DUPLICATE_METHOD_MATCH = YES;
				COPY_PHASE_STRIP = NO;
				DEBUG_INFORMATION_FORMAT = dwarf;
				ENABLE_STRICT_OBJC_MSGSEND = YES;
				ENABLE_TESTABILITY = YES;
				GCC_C_LANGUAGE_STANDARD = gnu11;
				GCC_DYNAMIC_NO_PIC = NO;
				GCC_NO_COMMON_BLOCKS = YES;
				GCC_OPTIMIZATION_LEVEL = 0;
				GCC_PREPROCESSOR_DEFINITIONS = (
					"DEBUG=1",
					"$(inherited)",
				);
				GCC_WARN_64_TO_32_BIT_CONVERSION = YES;
				GCC_WARN_ABOUT_RETURN_TYPE = YES_ERROR;
				GCC_WARN_UNDECLARED_SELECTOR = YES;
				GCC_WARN_UNINITIALIZED_AUTOS = YES_AGGRESSIVE;
				GCC_WARN_UNUSED_FUNCTION = YES;
				GCC_WARN_UNUSED_VARIABLE = YES;
				IPHONEOS_DEPLOYMENT_TARGET = 13.2;
				MTL_ENABLE_DEBUG_INFO = INCLUDE_SOURCE;
				MTL_FAST_MATH = YES;
				ONLY_ACTIVE_ARCH = YES;
				SDKROOT = iphoneos;
				SWIFT_ACTIVE_COMPILATION_CONDITIONS = DEBUG;
				SWIFT_OPTIMIZATION_LEVEL = "-Onone";
			};
			name = Debug;
		};
		8192135423AA22E3002FF041 /* Release */ = {
			isa = XCBuildConfiguration;
			buildSettings = {
				ALWAYS_SEARCH_USER_PATHS = NO;
				CLANG_ANALYZER_NONNULL = YES;
				CLANG_ANALYZER_NUMBER_OBJECT_CONVERSION = YES_AGGRESSIVE;
				CLANG_CXX_LANGUAGE_STANDARD = "gnu++14";
				CLANG_CXX_LIBRARY = "libc++";
				CLANG_ENABLE_MODULES = YES;
				CLANG_ENABLE_OBJC_ARC = YES;
				CLANG_ENABLE_OBJC_WEAK = YES;
				CLANG_WARN_BLOCK_CAPTURE_AUTORELEASING = YES;
				CLANG_WARN_BOOL_CONVERSION = YES;
				CLANG_WARN_COMMA = YES;
				CLANG_WARN_CONSTANT_CONVERSION = YES;
				CLANG_WARN_DEPRECATED_OBJC_IMPLEMENTATIONS = YES;
				CLANG_WARN_DIRECT_OBJC_ISA_USAGE = YES_ERROR;
				CLANG_WARN_DOCUMENTATION_COMMENTS = YES;
				CLANG_WARN_EMPTY_BODY = YES;
				CLANG_WARN_ENUM_CONVERSION = YES;
				CLANG_WARN_INFINITE_RECURSION = YES;
				CLANG_WARN_INT_CONVERSION = YES;
				CLANG_WARN_NON_LITERAL_NULL_CONVERSION = YES;
				CLANG_WARN_OBJC_IMPLICIT_RETAIN_SELF = YES;
				CLANG_WARN_OBJC_LITERAL_CONVERSION = YES;
				CLANG_WARN_OBJC_ROOT_CLASS = YES_ERROR;
				CLANG_WARN_RANGE_LOOP_ANALYSIS = YES;
				CLANG_WARN_STRICT_PROTOTYPES = YES;
				CLANG_WARN_SUSPICIOUS_MOVE = YES;
				CLANG_WARN_UNGUARDED_AVAILABILITY = YES_AGGRESSIVE;
				CLANG_WARN_UNREACHABLE_CODE = YES;
				CLANG_WARN__DUPLICATE_METHOD_MATCH = YES;
				COPY_PHASE_STRIP = NO;
				DEBUG_INFORMATION_FORMAT = "dwarf-with-dsym";
				ENABLE_NS_ASSERTIONS = NO;
				ENABLE_STRICT_OBJC_MSGSEND = YES;
				GCC_C_LANGUAGE_STANDARD = gnu11;
				GCC_NO_COMMON_BLOCKS = YES;
				GCC_WARN_64_TO_32_BIT_CONVERSION = YES;
				GCC_WARN_ABOUT_RETURN_TYPE = YES_ERROR;
				GCC_WARN_UNDECLARED_SELECTOR = YES;
				GCC_WARN_UNINITIALIZED_AUTOS = YES_AGGRESSIVE;
				GCC_WARN_UNUSED_FUNCTION = YES;
				GCC_WARN_UNUSED_VARIABLE = YES;
				IPHONEOS_DEPLOYMENT_TARGET = 13.2;
				MTL_ENABLE_DEBUG_INFO = NO;
				MTL_FAST_MATH = YES;
				SDKROOT = iphoneos;
				SWIFT_COMPILATION_MODE = wholemodule;
				SWIFT_OPTIMIZATION_LEVEL = "-O";
				VALIDATE_PRODUCT = YES;
			};
			name = Release;
		};
		8192135623AA22E3002FF041 /* Debug */ = {
			isa = XCBuildConfiguration;
			buildSettings = {
				ASSETCATALOG_COMPILER_APPICON_NAME = AppIcon;
				CODE_SIGN_ENTITLEMENTS = RequestNow/RequestNow.entitlements;
				CODE_SIGN_STYLE = Automatic;
				CURRENT_PROJECT_VERSION = 1.5;
				DEVELOPMENT_ASSET_PATHS = "\"RequestNow/Preview Content\"";
				DEVELOPMENT_TEAM = 9EVWV3K6BK;
				ENABLE_PREVIEWS = YES;
				INFOPLIST_FILE = RequestNow/Info.plist;
				LD_RUNPATH_SEARCH_PATHS = (
					"$(inherited)",
					"@executable_path/Frameworks",
				);
				PRODUCT_BUNDLE_IDENTIFIER = requestnow.io.RequestNow;
				PRODUCT_NAME = "$(TARGET_NAME)";
				SWIFT_VERSION = 5.0;
				TARGETED_DEVICE_FAMILY = "1,2";
			};
			name = Debug;
		};
		8192135723AA22E3002FF041 /* Release */ = {
			isa = XCBuildConfiguration;
			buildSettings = {
				ASSETCATALOG_COMPILER_APPICON_NAME = AppIcon;
				CODE_SIGN_ENTITLEMENTS = RequestNow/RequestNow.entitlements;
				CODE_SIGN_STYLE = Automatic;
				CURRENT_PROJECT_VERSION = 1.5;
				DEVELOPMENT_ASSET_PATHS = "\"RequestNow/Preview Content\"";
				DEVELOPMENT_TEAM = 9EVWV3K6BK;
				ENABLE_PREVIEWS = YES;
				INFOPLIST_FILE = RequestNow/Info.plist;
				LD_RUNPATH_SEARCH_PATHS = (
					"$(inherited)",
					"@executable_path/Frameworks",
				);
				PRODUCT_BUNDLE_IDENTIFIER = requestnow.io.RequestNow;
				PRODUCT_NAME = "$(TARGET_NAME)";
				SWIFT_VERSION = 5.0;
				TARGETED_DEVICE_FAMILY = "1,2";
			};
			name = Release;
		};
/* End XCBuildConfiguration section */

/* Begin XCConfigurationList section */
		8192133C23AA22E0002FF041 /* Build configuration list for PBXProject "RequestNow" */ = {
			isa = XCConfigurationList;
			buildConfigurations = (
				8192135323AA22E3002FF041 /* Debug */,
				8192135423AA22E3002FF041 /* Release */,
			);
			defaultConfigurationIsVisible = 0;
			defaultConfigurationName = Release;
		};
		8192135523AA22E3002FF041 /* Build configuration list for PBXNativeTarget "RequestNow" */ = {
			isa = XCConfigurationList;
			buildConfigurations = (
				8192135623AA22E3002FF041 /* Debug */,
				8192135723AA22E3002FF041 /* Release */,
			);
			defaultConfigurationIsVisible = 0;
			defaultConfigurationName = Release;
		};
/* End XCConfigurationList section */
	};
	rootObject = 8192133923AA22E0002FF041 /* Project object */;
}
